
Microsoft Visual Studio Solution File, Format Version 12.00
# Visual Studio Version 17
VisualStudioVersion = 17.11.35222.181
MinimumVisualStudioVersion = 10.0.40219.1
Project("{FAE04EC0-301F-11D3-BF4B-00C04F79EFBC}") = "atividade_veiculos", "atividade_veiculos.csproj", "{DC89B892-788C-4716-BAC5-9A76CDA7A18F}"
EndProject
Global
	GlobalSection(SolutionConfigurationPlatforms) = preSolution
		Debug|Any CPU = Debug|Any CPU
		Release|Any CPU = Release|Any CPU
	EndGlobalSection
	GlobalSection(ProjectConfigurationPlatforms) = postSolution
		{DC89B892-788C-4716-BAC5-9A76CDA7A18F}.Debug|Any CPU.ActiveCfg = Debug|Any CPU
		{DC89B892-788C-4716-BAC5-9A76CDA7A18F}.Debug|Any CPU.Build.0 = Debug|Any CPU
		{DC89B892-788C-4716-BAC5-9A76CDA7A18F}.Release|Any CPU.ActiveCfg = Release|Any CPU
		{DC89B892-788C-4716-BAC5-9A76CDA7A18F}.Release|Any CPU.Build.0 = Release|Any CPU
	EndGlobalSection
	GlobalSection(SolutionProperties) = preSolution
		HideSolutionNode = FALSE
	EndGlobalSection
	GlobalSection(ExtensibilityGlobals) = postSolution
		SolutionGuid = {AF1E890B-627C-463E-BD7B-60151122369D}
	EndGlobalSection
EndGlobal
